<?xml version="1.0" encoding="utf-8"?>
<Project ToolsVersion="4.0" xmlns="http://schemas.microsoft.com/developer/msbuild/2003">
  <ItemGroup>
    <Filter Include="Source Files">
      <UniqueIdentifier>{4FC737F1-C7A5-4376-A066-2A32D752A2FF}</UniqueIdentifier>
      <Extensions>cpp;c;cc;cxx;c++;cppm;ixx;def;odl;idl;hpj;bat;asm;asmx</Extensions>
    </Filter>
    <Filter Include="Header Files">
      <UniqueIdentifier>{93995380-89BD-4b04-88EB-625FBE52EBFB}</UniqueIdentifier>
      <Extensions>h;hh;hpp;hxx;h++;hm;inl;inc;ipp;xsd</Extensions>
    </Filter>
    <Filter Include="Resource Files">
      <UniqueIdentifier>{67DA6AB6-F800-4c08-8B7A-83BB121AAD01}</UniqueIdentifier>
      <Extensions>rc;ico;cur;bmp;dlg;rc2;rct;bin;rgs;gif;jpg;jpeg;jpe;resx;tiff;tif;png;wav;mfcribbon-ms</Extensions>
    </Filter>
    <Filter Include="Source Files\utils">
      <UniqueIdentifier>{0872f402-9d71-4368-a2b4-60cf6ce914a8}</UniqueIdentifier>
    </Filter>
    <Filter Include="Source Files\features">
      <UniqueIdentifier>{584eb7bc-15e0-417b-b3be-a131f3b4b85b}</UniqueIdentifier>
    </Filter>
    <Filter Include="Source Files\core">
      <UniqueIdentifier>{6ba98c8b-227f-49f2-a969-2b6c25f66709}</UniqueIdentifier>
    </Filter>
    <Filter Include="Source Files\ui">
      <UniqueIdentifier>{8d8736f7-d23e-4142-9956-b1bac7b94ae4}</UniqueIdentifier>
    </Filter>
    <Filter Include="Source Files\server">
      <UniqueIdentifier>{9284d4e6-931d-4709-9606-c54da66fd257}</UniqueIdentifier>
    </Filter>
  </ItemGroup>
  <ItemGroup>
    <ClCompile Include="stb_image.cpp">
      <Filter>Source Files</Filter>
    </ClCompile>
    <ClCompile Include="lightburn_utils.cpp">
      <Filter>Source Files\utils</Filter>
    </ClCompile>
    <ClCompile Include="kasa_controller.cpp">
      <Filter>Source Files\features</Filter>
    </ClCompile>
    <ClCompile Include="config_manager.cpp">
      <Filter>Source Files\core</Filter>
    </ClCompile>
    <ClCompile Include="host_context.cpp">
      <Filter>Source Files</Filter>
    </ClCompile>
    <ClCompile Include="main.cpp">
      <Filter>Source Files</Filter>
    </ClCompile>
    <ClCompile Include="network_client.cpp">
      <Filter>Source Files\core</Filter>
    </ClCompile>
    <ClCompile Include="camera_capture.cpp">
      <Filter>Source Files\features</Filter>
    </ClCompile>
    <ClCompile Include="image_processing.cpp">
      <Filter>Source Files\features</Filter>
    </ClCompile>
    <ClCompile Include="gcode_handler.cpp">
      <Filter>Source Files\features</Filter>
    </ClCompile>
    <ClCompile Include="notification_service.cpp">
      <Filter>Source Files\features</Filter>
    </ClCompile>
    <ClCompile Include="console_ui.cpp">
      <Filter>Source Files\ui</Filter>
    </ClCompile>
    <ClCompile Include="status_page.cpp">
      <Filter>Source Files\ui</Filter>
    </ClCompile>
    <ClCompile Include="camera_ui.cpp">
      <Filter>Source Files\ui</Filter>
    </ClCompile>
    <ClCompile Include="config_ui.cpp">
      <Filter>Source Files\ui</Filter>
    </ClCompile>
    <ClCompile Include="display_about.cpp">
      <Filter>Source Files\ui</Filter>
    </ClCompile>
    <ClCompile Include="string_utils.cpp">
      <Filter>Source Files\utils</Filter>
    </ClCompile>
    <ClCompile Include="file_utils.cpp">
      <Filter>Source Files\utils</Filter>
    </ClCompile>
    <ClCompile Include="process_handlers.cpp">
      <Filter>Source Files\utils</Filter>
    </ClCompile>
    <ClCompile Include="module_utils.cpp">
      <Filter>Source Files\utils</Filter>
    </ClCompile>
    <ClCompile Include="input_utils.cpp">
      <Filter>Source Files\utils</Filter>
    </ClCompile>
    <ClCompile Include="print_monitor.cpp">
      <Filter>Source Files\utils</Filter>
    </ClCompile>
    <ClCompile Include="connection_setup.cpp">
      <Filter>Source Files\utils</Filter>
    </ClCompile>
    <ClCompile Include="shortcuts.cpp">
      <Filter>Source Files\utils</Filter>
    </ClCompile>
    <ClCompile Include="machine_api.cpp">
      <Filter>Source Files\core</Filter>
    </ClCompile>
    <ClCompile Include="tray.cpp">
      <Filter>Source Files\server</Filter>
    </ClCompile>
    <ClCompile Include="upload_get.cpp">
      <Filter>Source Files\server</Filter>
    </ClCompile>
    <ClCompile Include="upload_pages.cpp">
      <Filter>Source Files\server</Filter>
    </ClCompile>
    <ClCompile Include="upload_post.cpp">
      <Filter>Source Files\server</Filter>
    </ClCompile>
    <ClCompile Include="upload_server.cpp">
      <Filter>Source Files\server</Filter>
    </ClCompile>
  </ItemGroup>
  <ItemGroup>
    <ClInclude Include="host.h">
      <Filter>Header Files</Filter>
    </ClInclude>
    <ClInclude Include="resource.h">
      <Filter>Header Files</Filter>
    </ClInclude>
    <ClInclude Include="..\third_party\include\softcam.h">
      <Filter>Header Files</Filter>
    </ClInclude>
    <ClInclude Include="..\third_party\include\stb_image.h">
      <Filter>Header Files</Filter>
    </ClInclude>
    <ClInclude Include="..\third_party\include\stb_image_resize.h">
      <Filter>Header Files</Filter>
    </ClInclude>
    <ClInclude Include="upload_server.hpp">
      <Filter>Source Files\server</Filter>
    </ClInclude>
    <ClInclude Include="upload_server.h">
      <Filter>Header Files</Filter>
    </ClInclude>
  </ItemGroup>
  <ItemGroup>
    <None Include="..\third_party\lib\softcam.dll" />
  </ItemGroup>
  <ItemGroup>
    <Image Include="SnapmakerLightBurnHost.ico">
      <Filter>Resource Files</Filter>
    </Image>
  </ItemGroup>
  <ItemGroup>
    <ResourceCompile Include="SnapmakerLightBurnHost.rc">
      <Filter>Resource Files</Filter>
    </ResourceCompile>
  </ItemGroup>
</Project>